
Microsoft Visual Studio Solution File, Format Version 12.00
# Visual Studio Version 17
VisualStudioVersion = 17.0.31903.59
MinimumVisualStudioVersion = 10.0.40219.1
Project("{2150E333-8FDC-42A3-9474-1A3956D46DE8}") = "src", "src", "{827E0CD3-B72D-47B6-A68D-7590B98EB39B}"
EndProject
Project("{FAE04EC0-301F-11D3-BF4B-00C04F79EFBC}") = "SchemaCity", "src\SchemaCity\SchemaCity.csproj", "{FEC4AF0E-2571-41C0-9118-4DCF30BE9167}"
EndProject
Project("{FAE04EC0-301F-11D3-BF4B-00C04F79EFBC}") = "SchemaCity.Site", "src\SchemaCity.Site\SchemaCity.Site.csproj", "{F3DF89A5-7754-41C7-A47F-FA828E2ED0B1}"
EndProject
Project("{2150E333-8FDC-42A3-9474-1A3956D46DE8}") = "tests", "tests", "{0AB3BF05-4346-4AA6-1389-037BE0695223}"
EndProject
Project("{FAE04EC0-301F-11D3-BF4B-00C04F79EFBC}") = "SchemaCity.Tests", "tests\SchemaCity.Tests\SchemaCity.Tests.csproj", "{948559D1-5646-4586-8D6E-4BCA9603FA27}"
EndProject
Global
	GlobalSection(SolutionConfigurationPlatforms) = preSolution
		Debug|Any CPU = Debug|Any CPU
		Debug|x64 = Debug|x64
		Debug|x86 = Debug|x86
		Release|Any CPU = Release|Any CPU
		Release|x64 = Release|x64
		Release|x86 = Release|x86
	EndGlobalSection
	GlobalSection(ProjectConfigurationPlatforms) = postSolution
		{FEC4AF0E-2571-41C0-9118-4DCF30BE9167}.Debug|Any CPU.ActiveCfg = Debug|Any CPU
		{FEC4AF0E-2571-41C0-9118-4DCF30BE9167}.Debug|Any CPU.Build.0 = Debug|Any CPU
		{FEC4AF0E-2571-41C0-9118-4DCF30BE9167}.Debug|x64.ActiveCfg = Debug|Any CPU
		{FEC4AF0E-2571-41C0-9118-4DCF30BE9167}.Debug|x64.Build.0 = Debug|Any CPU
		{FEC4AF0E-2571-41C0-9118-4DCF30BE9167}.Debug|x86.ActiveCfg = Debug|Any CPU
		{FEC4AF0E-2571-41C0-9118-4DCF30BE9167}.Debug|x86.Build.0 = Debug|Any CPU
		{FEC4AF0E-2571-41C0-9118-4DCF30BE9167}.Release|Any CPU.ActiveCfg = Release|Any CPU
		{FEC4AF0E-2571-41C0-9118-4DCF30BE9167}.Release|Any CPU.Build.0 = Release|Any CPU
		{FEC4AF0E-2571-41C0-9118-4DCF30BE9167}.Release|x64.ActiveCfg = Release|Any CPU
		{FEC4AF0E-2571-41C0-9118-4DCF30BE9167}.Release|x64.Build.0 = Release|Any CPU
		{FEC4AF0E-2571-41C0-9118-4DCF30BE9167}.Release|x86.ActiveCfg = Release|Any CPU
		{FEC4AF0E-2571-41C0-9118-4DCF30BE9167}.Release|x86.Build.0 = Release|Any CPU
		{F3DF89A5-7754-41C7-A47F-FA828E2ED0B1}.Debug|Any CPU.ActiveCfg = Debug|Any CPU
		{F3DF89A5-7754-41C7-A47F-FA828E2ED0B1}.Debug|Any CPU.Build.0 = Debug|Any CPU
		{F3DF89A5-7754-41C7-A47F-FA828E2ED0B1}.Debug|x64.ActiveCfg = Debug|Any CPU
		{F3DF89A5-7754-41C7-A47F-FA828E2ED0B1}.Debug|x64.Build.0 = Debug|Any CPU
		{F3DF89A5-7754-41C7-A47F-FA828E2ED0B1}.Debug|x86.ActiveCfg = Debug|Any CPU
		{F3DF89A5-7754-41C7-A47F-FA828E2ED0B1}.Debug|x86.Build.0 = Debug|Any CPU
		{F3DF89A5-7754-41C7-A47F-FA828E2ED0B1}.Release|Any CPU.ActiveCfg = Release|Any CPU
		{F3DF89A5-7754-41C7-A47F-FA828E2ED0B1}.Release|Any CPU.Build.0 = Release|Any CPU
		{F3DF89A5-7754-41C7-A47F-FA828E2ED0B1}.Release|x64.ActiveCfg = Release|Any CPU
		{F3DF89A5-7754-41C7-A47F-FA828E2ED0B1}.Release|x64.Build.0 = Release|Any CPU
		{F3DF89A5-7754-41C7-A47F-FA828E2ED0B1}.Release|x86.ActiveCfg = Release|Any CPU
		{F3DF89A5-7754-41C7-A47F-FA828E2ED0B1}.Release|x86.Build.0 = Release|Any CPU
		{948559D1-5646-4586-8D6E-4BCA9603FA27}.Debug|Any CPU.ActiveCfg = Debug|Any CPU
		{948559D1-5646-4586-8D6E-4BCA9603FA27}.Debug|Any CPU.Build.0 = Debug|Any CPU
		{948559D1-5646-4586-8D6E-4BCA9603FA27}.Debug|x64.ActiveCfg = Debug|Any CPU
		{948559D1-5646-4586-8D6E-4BCA9603FA27}.Debug|x64.Build.0 = Debug|Any CPU
		{948559D1-5646-4586-8D6E-4BCA9603FA27}.Debug|x86.ActiveCfg = Debug|Any CPU
		{948559D1-5646-4586-8D6E-4BCA9603FA27}.Debug|x86.Build.0 = Debug|Any CPU
		{948559D1-5646-4586-8D6E-4BCA9603FA27}.Release|Any CPU.ActiveCfg = Release|Any CPU
		{948559D1-5646-4586-8D6E-4BCA9603FA27}.Release|Any CPU.Build.0 = Release|Any CPU
		{948559D1-5646-4586-8D6E-4BCA9603FA27}.Release|x64.ActiveCfg = Release|Any CPU
		{948559D1-5646-4586-8D6E-4BCA9603FA27}.Release|x64.Build.0 = Release|Any CPU
		{948559D1-5646-4586-8D6E-4BCA9603FA27}.Release|x86.ActiveCfg = Release|Any CPU
		{948559D1-5646-4586-8D6E-4BCA9603FA27}.Release|x86.Build.0 = Release|Any CPU
	EndGlobalSection
	GlobalSection(SolutionProperties) = preSolution
		HideSolutionNode = FALSE
	EndGlobalSection
	GlobalSection(NestedProjects) = preSolution
		{FEC4AF0E-2571-41C0-9118-4DCF30BE9167} = {827E0CD3-B72D-47B6-A68D-7590B98EB39B}
		{F3DF89A5-7754-41C7-A47F-FA828E2ED0B1} = {827E0CD3-B72D-47B6-A68D-7590B98EB39B}
		{948559D1-5646-4586-8D6E-4BCA9603FA27} = {0AB3BF05-4346-4AA6-1389-037BE0695223}
	EndGlobalSection
EndGlobal
